
Microsoft Visual Studio Solution File, Format Version 12.00
# Visual Studio Version 16
VisualStudioVersion = 16.0.29728.190
MinimumVisualStudioVersion = 10.0.40219.1
Project("{9A19103F-16F7-4668-BE54-9A1E7A4F7556}") = "Bike", "Bike\Bike.csproj", "{418F0283-66C7-452F-AAF9-A171F58AFF64}"
EndProject
Project("{FAE04EC0-301F-11D3-BF4B-00C04F79EFBC}") = "BikeRestS", "BikeRestS\BikeRestS.csproj", "{C942FF8B-C1BE-4EB4-8702-99BC1580C124}"
EndProject
Global
	GlobalSection(SolutionConfigurationPlatforms) = preSolution
		Debug|Any CPU = Debug|Any CPU
		Release|Any CPU = Release|Any CPU
	EndGlobalSection
	GlobalSection(ProjectConfigurationPlatforms) = postSolution
		{418F0283-66C7-452F-AAF9-A171F58AFF64}.Debug|Any CPU.ActiveCfg = Debug|Any CPU
		{418F0283-66C7-452F-AAF9-A171F58AFF64}.Debug|Any CPU.Build.0 = Debug|Any CPU
		{418F0283-66C7-452F-AAF9-A171F58AFF64}.Release|Any CPU.ActiveCfg = Release|Any CPU
		{418F0283-66C7-452F-AAF9-A171F58AFF64}.Release|Any CPU.Build.0 = Release|Any CPU
		{C942FF8B-C1BE-4EB4-8702-99BC1580C124}.Debug|Any CPU.ActiveCfg = Debug|Any CPU
		{C942FF8B-C1BE-4EB4-8702-99BC1580C124}.Debug|Any CPU.Build.0 = Debug|Any CPU
		{C942FF8B-C1BE-4EB4-8702-99BC1580C124}.Release|Any CPU.ActiveCfg = Release|Any CPU
		{C942FF8B-C1BE-4EB4-8702-99BC1580C124}.Release|Any CPU.Build.0 = Release|Any CPU
	EndGlobalSection
	GlobalSection(SolutionProperties) = preSolution
		HideSolutionNode = FALSE
	EndGlobalSection
	GlobalSection(ExtensibilityGlobals) = postSolution
		SolutionGuid = {D3047DA5-B794-4C58-AB98-D22E31B31850}
	EndGlobalSection
EndGlobal
